{
  "originHash" : "a3bc89f15faa1d6c49e3a818fab5c6996ae7357ccac47e5e201315cd8d66f46c",
  "pins" : [
    {
      "identity" : "chaosbytestreams",
      "kind" : "remoteSourceControl",
      "location" : "https://github.com/elegantchaos/ChaosByteStreams",
      "state" : {
        "revision" : "dc5fc08a831e8e2878197418e3ed35f234bcfe07",
        "version" : "1.0.6"
      }
    },
    {
      "identity" : "runner",
      "kind" : "remoteSourceControl",
      "location" : "https://github.com/elegantchaos/Runner.git",
      "state" : {
        "revision" : "e5b8e0fc4b5119b238935343dc60171c0140ee1f",
        "version" : "2.1.3"
      }
    },
    {
      "identity" : "swifttui",
      "kind" : "remoteSourceControl",
      "location" : "https://github.com/rensbreur/SwiftTUI.git",
      "state" : {
        "revision" : "75ae35af4115f87601657957e3332fc9eb5829d5",
        "version" : "0.1.0"
      }
    },
    {
      "identity" : "versionator",
      "kind" : "remoteSourceControl",
      "location" : "https://github.com/elegantchaos/Versionator.git",
      "state" : {
        "revision" : "f67fae2e7c4da26f768f622ab68cbdff409c90f6",
        "version" : "2.0.6"
      }
    }
  ],
  "version" : 3
}
